{
  "lockfile_version": "1",
  "packages": {
    "gh@2.79.0": {
      "last_modified": "2025-09-18T16:33:27Z",
      "resolved": "github:NixOS/nixpkgs/f4b140d5b253f5e2a1ff4e5506edbf8267724bde#gh",
      "source": "devbox-search",
      "version": "2.79.0",
      "systems": {
        "aarch64-darwin": {
          "outputs": [
            {
              "name": "out",
              "path": "/nix/store/ky5yynv151w1v0h2xby8knzy23b9csbb-gh-2.79.0",
              "default": true
            }
          ],
          "store_path": "/nix/store/ky5yynv151w1v0h2xby8knzy23b9csbb-gh-2.79.0"
        },
        "aarch64-linux": {
          "outputs": [
            {
              "name": "out",
              "path": "/nix/store/zvljqh8dxlp71r4gzc3js3s35fa2l3zb-gh-2.79.0",
              "default": true
            }
          ],
          "store_path": "/nix/store/zvljqh8dxlp71r4gzc3js3s35fa2l3zb-gh-2.79.0"
        },
        "x86_64-darwin": {
          "outputs": [
            {
              "name": "out",
              "path": "/nix/store/ikvh3fzss3p70y6izxcppankis418rlz-gh-2.79.0",
              "default": true
            }
          ],
          "store_path": "/nix/store/ikvh3fzss3p70y6izxcppankis418rlz-gh-2.79.0"
        },
        "x86_64-linux": {
          "outputs": [
            {
              "name": "out",
              "path": "/nix/store/hx0j1gvffm0m3gx5m50gjjggkwba0zxc-gh-2.79.0",
              "default": true
            }
          ],
          "store_path": "/nix/store/hx0j1gvffm0m3gx5m50gjjggkwba0zxc-gh-2.79.0"
        }
      }
    },
    "github:NixOS/nixpkgs/nixpkgs-unstable": {
      "last_modified": "2025-10-02T15:02:55Z",
      "resolved": "github:NixOS/nixpkgs/dc704e6102e76aad573f63b74c742cd96f8f1e6c?lastModified=1759417375&narHash=sha256-O7eHcgkQXJNygY6AypkF9tFhsoDQjpNEojw3eFs73Ow%3D"
    }
  }
}
